
Microsoft Visual Studio Solution File, Format Version 12.00
# Visual Studio Version 17
VisualStudioVersion = 17.9.34622.214
MinimumVisualStudioVersion = 10.0.40219.1
Project("{FAE04EC0-301F-11D3-BF4B-00C04F79EFBC}") = "AWWW_Kol1", "AWWW_Kol1\AWWW_Kol1.csproj", "{091D6599-E9E7-4F5C-B419-93266E829155}"
EndProject
Global
	GlobalSection(SolutionConfigurationPlatforms) = preSolution
		Debug|Any CPU = Debug|Any CPU
		Release|Any CPU = Release|Any CPU
	EndGlobalSection
	GlobalSection(ProjectConfigurationPlatforms) = postSolution
		{091D6599-E9E7-4F5C-B419-93266E829155}.Debug|Any CPU.ActiveCfg = Debug|Any CPU
		{091D6599-E9E7-4F5C-B419-93266E829155}.Debug|Any CPU.Build.0 = Debug|Any CPU
		{091D6599-E9E7-4F5C-B419-93266E829155}.Release|Any CPU.ActiveCfg = Release|Any CPU
		{091D6599-E9E7-4F5C-B419-93266E829155}.Release|Any CPU.Build.0 = Release|Any CPU
	EndGlobalSection
	GlobalSection(SolutionProperties) = preSolution
		HideSolutionNode = FALSE
	EndGlobalSection
	GlobalSection(ExtensibilityGlobals) = postSolution
		SolutionGuid = {2EF9A823-B47C-4D29-88AE-6A2ED19A563B}
	EndGlobalSection
EndGlobal
